// !$*UTF8*$!
{
	archiveVersion = 1;
	classes = {
	};
	objectVersion = 55;
	objects = {

/* Begin PBXBuildFile section */
		8C2EC0112932E72600B4DE57 /* doted_swiftApp.swift in Sources */ = {isa = PBXBuildFile; fileRef = 8C2EC0102932E72600B4DE57 /* doted_swiftApp.swift */; };
		8C2EC0132932E72600B4DE57 /* ContentView.swift in Sources */ = {isa = PBXBuildFile; fileRef = 8C2EC0122932E72600B4DE57 /* ContentView.swift */; };
		8C2EC0152932E72A00B4DE57 /* Assets.xcassets in Resources */ = {isa = PBXBuildFile; fileRef = 8C2EC0142932E72A00B4DE57 /* Assets.xcassets */; };
		8C2EC0182932E72A00B4DE57 /* Preview Assets.xcassets in Resources */ = {isa = PBXBuildFile; fileRef = 8C2EC0172932E72A00B4DE57 /* Preview Assets.xcassets */; };
		8C2EC01F2932E8B900B4DE57 /* MapView.swift in Sources */ = {isa = PBXBuildFile; fileRef = 8C2EC01E2932E8B900B4DE57 /* MapView.swift */; };
		8C2EC0252933A5B100B4DE57 /* landmarkData.json in Resources */ = {isa = PBXBuildFile; fileRef = 8C2EC0242933A5B000B4DE57 /* landmarkData.json */; };
		8C2EC0272933A5F800B4DE57 /* Story.swift in Sources */ = {isa = PBXBuildFile; fileRef = 8C2EC0262933A5F800B4DE57 /* Story.swift */; };
		8C2EC0292933A76500B4DE57 /* ModelData.swift in Sources */ = {isa = PBXBuildFile; fileRef = 8C2EC0282933A76500B4DE57 /* ModelData.swift */; };
		8C2EC02E2933AB4200B4DE57 /* StoryRow.swift in Sources */ = {isa = PBXBuildFile; fileRef = 8C2EC02D2933AB4200B4DE57 /* StoryRow.swift */; };
		8C2EC0302933BFD200B4DE57 /* StoryList.swift in Sources */ = {isa = PBXBuildFile; fileRef = 8C2EC02F2933BFD200B4DE57 /* StoryList.swift */; };
		8C2EC0332934120F00B4DE57 /* LocationManager.swift in Sources */ = {isa = PBXBuildFile; fileRef = 8C2EC0322934120E00B4DE57 /* LocationManager.swift */; };
/* End PBXBuildFile section */

/* Begin PBXBuildRule section */
		8C2EC034293417E100B4DE57 /* PBXBuildRule */ = {
			isa = PBXBuildRule;
			compilerSpec = com.apple.compilers.proxy.script;
			fileType = pattern.proxy;
			inputFiles = (
			);
			isEditable = 1;
			outputFiles = (
			);
			script = "# Type a script or drag a script file from your workspace to insert its path.\n";
		};
/* End PBXBuildRule section */

/* Begin PBXFileReference section */
		8C2EC00D2932E72600B4DE57 /* doted_swift.app */ = {isa = PBXFileReference; explicitFileType = wrapper.application; includeInIndex = 0; path = doted_swift.app; sourceTree = BUILT_PRODUCTS_DIR; };
		8C2EC0102932E72600B4DE57 /* doted_swiftApp.swift */ = {isa = PBXFileReference; lastKnownFileType = sourcecode.swift; path = doted_swiftApp.swift; sourceTree = "<group>"; };
		8C2EC0122932E72600B4DE57 /* ContentView.swift */ = {isa = PBXFileReference; lastKnownFileType = sourcecode.swift; path = ContentView.swift; sourceTree = "<group>"; };
		8C2EC0142932E72A00B4DE57 /* Assets.xcassets */ = {isa = PBXFileReference; lastKnownFileType = folder.assetcatalog; path = Assets.xcassets; sourceTree = "<group>"; };
		8C2EC0172932E72A00B4DE57 /* Preview Assets.xcassets */ = {isa = PBXFileReference; lastKnownFileType = folder.assetcatalog; path = "Preview Assets.xcassets"; sourceTree = "<group>"; };
		8C2EC01E2932E8B900B4DE57 /* MapView.swift */ = {isa = PBXFileReference; lastKnownFileType = sourcecode.swift; path = MapView.swift; sourceTree = "<group>"; };
		8C2EC0242933A5B000B4DE57 /* landmarkData.json */ = {isa = PBXFileReference; fileEncoding = 4; lastKnownFileType = text.json; path = landmarkData.json; sourceTree = "<group>"; };
		8C2EC0262933A5F800B4DE57 /* Story.swift */ = {isa = PBXFileReference; lastKnownFileType = sourcecode.swift; path = Story.swift; sourceTree = "<group>"; };
		8C2EC0282933A76500B4DE57 /* ModelData.swift */ = {isa = PBXFileReference; lastKnownFileType = sourcecode.swift; path = ModelData.swift; sourceTree = "<group>"; };
		8C2EC02D2933AB4200B4DE57 /* StoryRow.swift */ = {isa = PBXFileReference; lastKnownFileType = sourcecode.swift; path = StoryRow.swift; sourceTree = "<group>"; };
		8C2EC02F2933BFD200B4DE57 /* StoryList.swift */ = {isa = PBXFileReference; lastKnownFileType = sourcecode.swift; path = StoryList.swift; sourceTree = "<group>"; };
		8C2EC0322934120E00B4DE57 /* LocationManager.swift */ = {isa = PBXFileReference; lastKnownFileType = sourcecode.swift; path = LocationManager.swift; sourceTree = "<group>"; };
		8C2EC03529341E2400B4DE57 /* doted-swift-Info.plist */ = {isa = PBXFileReference; lastKnownFileType = text.plist; path = "doted-swift-Info.plist"; sourceTree = SOURCE_ROOT; };
/* End PBXFileReference section */

/* Begin PBXFrameworksBuildPhase section */
		8C2EC00A2932E72600B4DE57 /* Frameworks */ = {
			isa = PBXFrameworksBuildPhase;
			buildActionMask = 2147483647;
			files = (
			);
			runOnlyForDeploymentPostprocessing = 0;
		};
/* End PBXFrameworksBuildPhase section */

/* Begin PBXGroup section */
		8C2EC0042932E72600B4DE57 = {
			isa = PBXGroup;
			children = (
				8C2EC00F2932E72600B4DE57 /* doted_swift */,
				8C2EC00E2932E72600B4DE57 /* Products */,
			);
			sourceTree = "<group>";
		};
		8C2EC00E2932E72600B4DE57 /* Products */ = {
			isa = PBXGroup;
			children = (
				8C2EC00D2932E72600B4DE57 /* doted_swift.app */,
			);
			name = Products;
			sourceTree = "<group>";
		};
		8C2EC00F2932E72600B4DE57 /* doted_swift */ = {
			isa = PBXGroup;
			children = (
				8C2EC03529341E2400B4DE57 /* doted-swift-Info.plist */,
				8C2EC031293411FC00B4DE57 /* Observable */,
				8C2EC02C2933AB3300B4DE57 /* Views */,
				8C2EC02B2933A82A00B4DE57 /* Resources */,
				8C2EC02A2933A82200B4DE57 /* Model */,
				8C2EC0102932E72600B4DE57 /* doted_swiftApp.swift */,
				8C2EC0122932E72600B4DE57 /* ContentView.swift */,
				8C2EC0142932E72A00B4DE57 /* Assets.xcassets */,
				8C2EC0162932E72A00B4DE57 /* Preview Content */,
			);
			path = doted_swift;
			sourceTree = "<group>";
		};
		8C2EC0162932E72A00B4DE57 /* Preview Content */ = {
			isa = PBXGroup;
			children = (
				8C2EC0172932E72A00B4DE57 /* Preview Assets.xcassets */,
			);
			path = "Preview Content";
			sourceTree = "<group>";
		};
		8C2EC02A2933A82200B4DE57 /* Model */ = {
			isa = PBXGroup;
			children = (
				8C2EC0262933A5F800B4DE57 /* Story.swift */,
				8C2EC0282933A76500B4DE57 /* ModelData.swift */,
			);
			path = Model;
			sourceTree = "<group>";
		};
		8C2EC02B2933A82A00B4DE57 /* Resources */ = {
			isa = PBXGroup;
			children = (
				8C2EC0242933A5B000B4DE57 /* landmarkData.json */,
			);
			path = Resources;
			sourceTree = "<group>";
		};
		8C2EC02C2933AB3300B4DE57 /* Views */ = {
			isa = PBXGroup;
			children = (
				8C2EC01E2932E8B900B4DE57 /* MapView.swift */,
				8C2EC02D2933AB4200B4DE57 /* StoryRow.swift */,
				8C2EC02F2933BFD200B4DE57 /* StoryList.swift */,
			);
			path = Views;
			sourceTree = "<group>";
		};
		8C2EC031293411FC00B4DE57 /* Observable */ = {
			isa = PBXGroup;
			children = (
				8C2EC0322934120E00B4DE57 /* LocationManager.swift */,
			);
			path = Observable;
			sourceTree = "<group>";
		};
/* End PBXGroup section */

/* Begin PBXNativeTarget section */
		8C2EC00C2932E72600B4DE57 /* doted_swift */ = {
			isa = PBXNativeTarget;
			buildConfigurationList = 8C2EC01B2932E72A00B4DE57 /* Build configuration list for PBXNativeTarget "doted_swift" */;
			buildPhases = (
				8C2EC0092932E72600B4DE57 /* Sources */,
				8C2EC00A2932E72600B4DE57 /* Frameworks */,
				8C2EC00B2932E72600B4DE57 /* Resources */,
			);
			buildRules = (
				8C2EC034293417E100B4DE57 /* PBXBuildRule */,
			);
			dependencies = (
			);
			name = doted_swift;
			productName = doted_swift;
			productReference = 8C2EC00D2932E72600B4DE57 /* doted_swift.app */;
			productType = "com.apple.product-type.application";
		};
/* End PBXNativeTarget section */

/* Begin PBXProject section */
		8C2EC0052932E72600B4DE57 /* Project object */ = {
			isa = PBXProject;
			attributes = {
				BuildIndependentTargetsInParallel = 1;
				LastSwiftUpdateCheck = 1340;
				LastUpgradeCheck = 1340;
				TargetAttributes = {
					8C2EC00C2932E72600B4DE57 = {
						CreatedOnToolsVersion = 13.4.1;
					};
				};
			};
			buildConfigurationList = 8C2EC0082932E72600B4DE57 /* Build configuration list for PBXProject "doted_swift" */;
			compatibilityVersion = "Xcode 13.0";
			developmentRegion = en;
			hasScannedForEncodings = 0;
			knownRegions = (
				en,
				Base,
			);
			mainGroup = 8C2EC0042932E72600B4DE57;
			productRefGroup = 8C2EC00E2932E72600B4DE57 /* Products */;
			projectDirPath = "";
			projectRoot = "";
			targets = (
				8C2EC00C2932E72600B4DE57 /* doted_swift */,
			);
		};
/* End PBXProject section */

/* Begin PBXResourcesBuildPhase section */
		8C2EC00B2932E72600B4DE57 /* Resources */ = {
			isa = PBXResourcesBuildPhase;
			buildActionMask = 2147483647;
			files = (
				8C2EC0182932E72A00B4DE57 /* Preview Assets.xcassets in Resources */,
				8C2EC0152932E72A00B4DE57 /* Assets.xcassets in Resources */,
				8C2EC0252933A5B100B4DE57 /* landmarkData.json in Resources */,
			);
			runOnlyForDeploymentPostprocessing = 0;
		};
/* End PBXResourcesBuildPhase section */

/* Begin PBXSourcesBuildPhase section */
		8C2EC0092932E72600B4DE57 /* Sources */ = {
			isa = PBXSourcesBuildPhase;
			buildActionMask = 2147483647;
			files = (
				8C2EC0132932E72600B4DE57 /* ContentView.swift in Sources */,
				8C2EC01F2932E8B900B4DE57 /* MapView.swift in Sources */,
				8C2EC02E2933AB4200B4DE57 /* StoryRow.swift in Sources */,
				8C2EC0112932E72600B4DE57 /* doted_swiftApp.swift in Sources */,
				8C2EC0332934120F00B4DE57 /* LocationManager.swift in Sources */,
				8C2EC0272933A5F800B4DE57 /* Story.swift in Sources */,
				8C2EC0292933A76500B4DE57 /* ModelData.swift in Sources */,
				8C2EC0302933BFD200B4DE57 /* StoryList.swift in Sources */,
			);
			runOnlyForDeploymentPostprocessing = 0;
		};
/* End PBXSourcesBuildPhase section */

/* Begin XCBuildConfiguration section */
		8C2EC0192932E72A00B4DE57 /* Debug */ = {
			isa = XCBuildConfiguration;
			buildSettings = {
				ALWAYS_SEARCH_USER_PATHS = NO;
				CLANG_ANALYZER_NONNULL = YES;
				CLANG_ANALYZER_NUMBER_OBJECT_CONVERSION = YES_AGGRESSIVE;
				CLANG_CXX_LANGUAGE_STANDARD = "gnu++17";
				CLANG_ENABLE_MODULES = YES;
				CLANG_ENABLE_OBJC_ARC = YES;
				CLANG_ENABLE_OBJC_WEAK = YES;
				CLANG_WARN_BLOCK_CAPTURE_AUTORELEASING = YES;
				CLANG_WARN_BOOL_CONVERSION = YES;
				CLANG_WARN_COMMA = YES;
				CLANG_WARN_CONSTANT_CONVERSION = YES;
				CLANG_WARN_DEPRECATED_OBJC_IMPLEMENTATIONS = YES;
				CLANG_WARN_DIRECT_OBJC_ISA_USAGE = YES_ERROR;
				CLANG_WARN_DOCUMENTATION_COMMENTS = YES;
				CLANG_WARN_EMPTY_BODY = YES;
				CLANG_WARN_ENUM_CONVERSION = YES;
				CLANG_WARN_INFINITE_RECURSION = YES;
				CLANG_WARN_INT_CONVERSION = YES;
				CLANG_WARN_NON_LITERAL_NULL_CONVERSION = YES;
				CLANG_WARN_OBJC_IMPLICIT_RETAIN_SELF = YES;
				CLANG_WARN_OBJC_LITERAL_CONVERSION = YES;
				CLANG_WARN_OBJC_ROOT_CLASS = YES_ERROR;
				CLANG_WARN_QUOTED_INCLUDE_IN_FRAMEWORK_HEADER = YES;
				CLANG_WARN_RANGE_LOOP_ANALYSIS = YES;
				CLANG_WARN_STRICT_PROTOTYPES = YES;
				CLANG_WARN_SUSPICIOUS_MOVE = YES;
				CLANG_WARN_UNGUARDED_AVAILABILITY = YES_AGGRESSIVE;
				CLANG_WARN_UNREACHABLE_CODE = YES;
				CLANG_WARN__DUPLICATE_METHOD_MATCH = YES;
				COPY_PHASE_STRIP = NO;
				DEBUG_INFORMATION_FORMAT = dwarf;
				ENABLE_STRICT_OBJC_MSGSEND = YES;
				ENABLE_TESTABILITY = YES;
				GCC_C_LANGUAGE_STANDARD = gnu11;
				GCC_DYNAMIC_NO_PIC = NO;
				GCC_NO_COMMON_BLOCKS = YES;
				GCC_OPTIMIZATION_LEVEL = 0;
				GCC_PREPROCESSOR_DEFINITIONS = (
					"DEBUG=1",
					"$(inherited)",
				);
				GCC_WARN_64_TO_32_BIT_CONVERSION = YES;
				GCC_WARN_ABOUT_RETURN_TYPE = YES_ERROR;
				GCC_WARN_UNDECLARED_SELECTOR = YES;
				GCC_WARN_UNINITIALIZED_AUTOS = YES_AGGRESSIVE;
				GCC_WARN_UNUSED_FUNCTION = YES;
				GCC_WARN_UNUSED_VARIABLE = YES;
				IPHONEOS_DEPLOYMENT_TARGET = 15.5;
				MTL_ENABLE_DEBUG_INFO = INCLUDE_SOURCE;
				MTL_FAST_MATH = YES;
				ONLY_ACTIVE_ARCH = YES;
				SDKROOT = iphoneos;
				SWIFT_ACTIVE_COMPILATION_CONDITIONS = DEBUG;
				SWIFT_OPTIMIZATION_LEVEL = "-Onone";
			};
			name = Debug;
		};
		8C2EC01A2932E72A00B4DE57 /* Release */ = {
			isa = XCBuildConfiguration;
			buildSettings = {
				ALWAYS_SEARCH_USER_PATHS = NO;
				CLANG_ANALYZER_NONNULL = YES;
				CLANG_ANALYZER_NUMBER_OBJECT_CONVERSION = YES_AGGRESSIVE;
				CLANG_CXX_LANGUAGE_STANDARD = "gnu++17";
				CLANG_ENABLE_MODULES = YES;
				CLANG_ENABLE_OBJC_ARC = YES;
				CLANG_ENABLE_OBJC_WEAK = YES;
				CLANG_WARN_BLOCK_CAPTURE_AUTORELEASING = YES;
				CLANG_WARN_BOOL_CONVERSION = YES;
				CLANG_WARN_COMMA = YES;
				CLANG_WARN_CONSTANT_CONVERSION = YES;
				CLANG_WARN_DEPRECATED_OBJC_IMPLEMENTATIONS = YES;
				CLANG_WARN_DIRECT_OBJC_ISA_USAGE = YES_ERROR;
				CLANG_WARN_DOCUMENTATION_COMMENTS = YES;
				CLANG_WARN_EMPTY_BODY = YES;
				CLANG_WARN_ENUM_CONVERSION = YES;
				CLANG_WARN_INFINITE_RECURSION = YES;
				CLANG_WARN_INT_CONVERSION = YES;
				CLANG_WARN_NON_LITERAL_NULL_CONVERSION = YES;
				CLANG_WARN_OBJC_IMPLICIT_RETAIN_SELF = YES;
				CLANG_WARN_OBJC_LITERAL_CONVERSION = YES;
				CLANG_WARN_OBJC_ROOT_CLASS = YES_ERROR;
				CLANG_WARN_QUOTED_INCLUDE_IN_FRAMEWORK_HEADER = YES;
				CLANG_WARN_RANGE_LOOP_ANALYSIS = YES;
				CLANG_WARN_STRICT_PROTOTYPES = YES;
				CLANG_WARN_SUSPICIOUS_MOVE = YES;
				CLANG_WARN_UNGUARDED_AVAILABILITY = YES_AGGRESSIVE;
				CLANG_WARN_UNREACHABLE_CODE = YES;
				CLANG_WARN__DUPLICATE_METHOD_MATCH = YES;
				COPY_PHASE_STRIP = NO;
				DEBUG_INFORMATION_FORMAT = "dwarf-with-dsym";
				ENABLE_NS_ASSERTIONS = NO;
				ENABLE_STRICT_OBJC_MSGSEND = YES;
				GCC_C_LANGUAGE_STANDARD = gnu11;
				GCC_NO_COMMON_BLOCKS = YES;
				GCC_WARN_64_TO_32_BIT_CONVERSION = YES;
				GCC_WARN_ABOUT_RETURN_TYPE = YES_ERROR;
				GCC_WARN_UNDECLARED_SELECTOR = YES;
				GCC_WARN_UNINITIALIZED_AUTOS = YES_AGGRESSIVE;
				GCC_WARN_UNUSED_FUNCTION = YES;
				GCC_WARN_UNUSED_VARIABLE = YES;
				IPHONEOS_DEPLOYMENT_TARGET = 15.5;
				MTL_ENABLE_DEBUG_INFO = NO;
				MTL_FAST_MATH = YES;
				SDKROOT = iphoneos;
				SWIFT_COMPILATION_MODE = wholemodule;
				SWIFT_OPTIMIZATION_LEVEL = "-O";
				VALIDATE_PRODUCT = YES;
			};
			name = Release;
		};
		8C2EC01C2932E72A00B4DE57 /* Debug */ = {
			isa = XCBuildConfiguration;
			buildSettings = {
				ASSETCATALOG_COMPILER_APPICON_NAME = AppIcon;
				ASSETCATALOG_COMPILER_GLOBAL_ACCENT_COLOR_NAME = AccentColor;
				CODE_SIGN_STYLE = Automatic;
				CURRENT_PROJECT_VERSION = 1;
				DEVELOPMENT_ASSET_PATHS = "\"doted_swift/Preview Content\"";
				ENABLE_PREVIEWS = YES;
				GENERATE_INFOPLIST_FILE = YES;
				INFOPLIST_FILE = "doted-swift-Info.plist";
				INFOPLIST_KEY_UIApplicationSceneManifest_Generation = YES;
				INFOPLIST_KEY_UIApplicationSupportsIndirectInputEvents = YES;
				INFOPLIST_KEY_UILaunchScreen_Generation = YES;
				INFOPLIST_KEY_UISupportedInterfaceOrientations_iPad = "UIInterfaceOrientationPortrait UIInterfaceOrientationPortraitUpsideDown UIInterfaceOrientationLandscapeLeft UIInterfaceOrientationLandscapeRight";
				INFOPLIST_KEY_UISupportedInterfaceOrientations_iPhone = "UIInterfaceOrientationPortrait UIInterfaceOrientationLandscapeLeft UIInterfaceOrientationLandscapeRight";
				LD_RUNPATH_SEARCH_PATHS = (
					"$(inherited)",
					"@executable_path/Frameworks",
				);
				MARKETING_VERSION = 1.0;
				PRODUCT_BUNDLE_IDENTIFIER = "com.doted.doted-swift";
				PRODUCT_NAME = "$(TARGET_NAME)";
				SWIFT_EMIT_LOC_STRINGS = YES;
				SWIFT_VERSION = 5.0;
				TARGETED_DEVICE_FAMILY = "1,2";
			};
			name = Debug;
		};
		8C2EC01D2932E72A00B4DE57 /* Release */ = {
			isa = XCBuildConfiguration;
			buildSettings = {
				ASSETCATALOG_COMPILER_APPICON_NAME = AppIcon;
				ASSETCATALOG_COMPILER_GLOBAL_ACCENT_COLOR_NAME = AccentColor;
				CODE_SIGN_STYLE = Automatic;
				CURRENT_PROJECT_VERSION = 1;
				DEVELOPMENT_ASSET_PATHS = "\"doted_swift/Preview Content\"";
				ENABLE_PREVIEWS = YES;
				GENERATE_INFOPLIST_FILE = YES;
				INFOPLIST_FILE = "doted-swift-Info.plist";
				INFOPLIST_KEY_UIApplicationSceneManifest_Generation = YES;
				INFOPLIST_KEY_UIApplicationSupportsIndirectInputEvents = YES;
				INFOPLIST_KEY_UILaunchScreen_Generation = YES;
				INFOPLIST_KEY_UISupportedInterfaceOrientations_iPad = "UIInterfaceOrientationPortrait UIInterfaceOrientationPortraitUpsideDown UIInterfaceOrientationLandscapeLeft UIInterfaceOrientationLandscapeRight";
				INFOPLIST_KEY_UISupportedInterfaceOrientations_iPhone = "UIInterfaceOrientationPortrait UIInterfaceOrientationLandscapeLeft UIInterfaceOrientationLandscapeRight";
				LD_RUNPATH_SEARCH_PATHS = (
					"$(inherited)",
					"@executable_path/Frameworks",
				);
				MARKETING_VERSION = 1.0;
				PRODUCT_BUNDLE_IDENTIFIER = "com.doted.doted-swift";
				PRODUCT_NAME = "$(TARGET_NAME)";
				SWIFT_EMIT_LOC_STRINGS = YES;
				SWIFT_VERSION = 5.0;
				TARGETED_DEVICE_FAMILY = "1,2";
			};
			name = Release;
		};
/* End XCBuildConfiguration section */

/* Begin XCConfigurationList section */
		8C2EC0082932E72600B4DE57 /* Build configuration list for PBXProject "doted_swift" */ = {
			isa = XCConfigurationList;
			buildConfigurations = (
				8C2EC0192932E72A00B4DE57 /* Debug */,
				8C2EC01A2932E72A00B4DE57 /* Release */,
			);
			defaultConfigurationIsVisible = 0;
			defaultConfigurationName = Release;
		};
		8C2EC01B2932E72A00B4DE57 /* Build configuration list for PBXNativeTarget "doted_swift" */ = {
			isa = XCConfigurationList;
			buildConfigurations = (
				8C2EC01C2932E72A00B4DE57 /* Debug */,
				8C2EC01D2932E72A00B4DE57 /* Release */,
			);
			defaultConfigurationIsVisible = 0;
			defaultConfigurationName = Release;
		};
/* End XCConfigurationList section */
	};
	rootObject = 8C2EC0052932E72600B4DE57 /* Project object */;
}
